
Microsoft Visual Studio Solution File, Format Version 12.00
# Visual Studio Version 16
VisualStudioVersion = 16.0.29613.14
MinimumVisualStudioVersion = 10.0.40219.1
Project("{FAE04EC0-301F-11D3-BF4B-00C04F79EFBC}") = "Mongo", "ClassLibrary1\Mongo.csproj", "{75FDBC04-0E85-4E6A-A14C-87A1FD81DCFB}"
EndProject
Global
	GlobalSection(SolutionConfigurationPlatforms) = preSolution
		Debug|Any CPU = Debug|Any CPU
		Release|Any CPU = Release|Any CPU
	EndGlobalSection
	GlobalSection(ProjectConfigurationPlatforms) = postSolution
		{75FDBC04-0E85-4E6A-A14C-87A1FD81DCFB}.Debug|Any CPU.ActiveCfg = Debug|Any CPU
		{75FDBC04-0E85-4E6A-A14C-87A1FD81DCFB}.Debug|Any CPU.Build.0 = Debug|Any CPU
		{75FDBC04-0E85-4E6A-A14C-87A1FD81DCFB}.Release|Any CPU.ActiveCfg = Release|Any CPU
		{75FDBC04-0E85-4E6A-A14C-87A1FD81DCFB}.Release|Any CPU.Build.0 = Release|Any CPU
	EndGlobalSection
	GlobalSection(SolutionProperties) = preSolution
		HideSolutionNode = FALSE
	EndGlobalSection
	GlobalSection(ExtensibilityGlobals) = postSolution
		SolutionGuid = {29A9C8E1-532D-4197-AE93-15510F2D0ADC}
	EndGlobalSection
EndGlobal
